
Microsoft Visual Studio Solution File, Format Version 12.00
# Visual Studio Version 17
VisualStudioVersion = 17.3.32901.215
MinimumVisualStudioVersion = 10.0.40219.1
Project("{FAE04EC0-301F-11D3-BF4B-00C04F79EFBC}") = "DB_lab_4", "DB_lab_4.csproj", "{B937BF57-CC56-42F1-B9C9-4ABE5FAF744E}"
EndProject
Global
	GlobalSection(SolutionConfigurationPlatforms) = preSolution
		Debug|Any CPU = Debug|Any CPU
		Release|Any CPU = Release|Any CPU
	EndGlobalSection
	GlobalSection(ProjectConfigurationPlatforms) = postSolution
		{B937BF57-CC56-42F1-B9C9-4ABE5FAF744E}.Debug|Any CPU.ActiveCfg = Debug|Any CPU
		{B937BF57-CC56-42F1-B9C9-4ABE5FAF744E}.Debug|Any CPU.Build.0 = Debug|Any CPU
		{B937BF57-CC56-42F1-B9C9-4ABE5FAF744E}.Release|Any CPU.ActiveCfg = Release|Any CPU
		{B937BF57-CC56-42F1-B9C9-4ABE5FAF744E}.Release|Any CPU.Build.0 = Release|Any CPU
	EndGlobalSection
	GlobalSection(SolutionProperties) = preSolution
		HideSolutionNode = FALSE
	EndGlobalSection
	GlobalSection(ExtensibilityGlobals) = postSolution
		SolutionGuid = {78FAC115-3C99-482D-80DA-807D16535B67}
	EndGlobalSection
EndGlobal
